
Microsoft Visual Studio Solution File, Format Version 12.00
# Visual Studio Version 16
VisualStudioVersion = 16.0.29020.237
MinimumVisualStudioVersion = 10.0.40219.1
Project("{FAE04EC0-301F-11D3-BF4B-00C04F79EFBC}") = "Hista", "Hista\Hista.csproj", "{489AC7BD-DBED-415A-8ED5-9BFD930D1F05}"
EndProject
Global
	GlobalSection(SolutionConfigurationPlatforms) = preSolution
		Debug|Any CPU = Debug|Any CPU
		Release|Any CPU = Release|Any CPU
	EndGlobalSection
	GlobalSection(ProjectConfigurationPlatforms) = postSolution
		{489AC7BD-DBED-415A-8ED5-9BFD930D1F05}.Debug|Any CPU.ActiveCfg = Debug|Any CPU
		{489AC7BD-DBED-415A-8ED5-9BFD930D1F05}.Debug|Any CPU.Build.0 = Debug|Any CPU
		{489AC7BD-DBED-415A-8ED5-9BFD930D1F05}.Release|Any CPU.ActiveCfg = Release|Any CPU
		{489AC7BD-DBED-415A-8ED5-9BFD930D1F05}.Release|Any CPU.Build.0 = Release|Any CPU
	EndGlobalSection
	GlobalSection(SolutionProperties) = preSolution
		HideSolutionNode = FALSE
	EndGlobalSection
	GlobalSection(ExtensibilityGlobals) = postSolution
		SolutionGuid = {086D4630-640E-4A2A-A33C-6F8308624A3D}
	EndGlobalSection
EndGlobal
